{
  "name": "command-bar",
  "version": "0.0.0",
  "lockfileVersion": 3,
  "requires": true,
  "packages": {
    "": {
      "name": "command-bar",
      "version": "0.0.0",
      "license": "ISC",
      "dependencies": {
        "@minecraft/server": "^1.18.0-beta.1.21.60-preview.25"
      },
      "devDependencies": {
        "prettier": "^3.5.0"
      }
    },
    "node_modules/@minecraft/common": {
      "version": "1.2.0",
      "resolved": "https://registry.npmjs.org/@minecraft/common/-/common-1.2.0.tgz",
      "integrity": "sha512-JdmEq4P3Z/FtoBzhLijFgMSVFnFRrUoLwY8DHHrgtFo0mfLTOLTB1RErYjLMsA6b7BGVNxkX/pfFRiH7QZ0XwQ=="
    },
    "node_modules/@minecraft/server": {
      "version": "1.18.0-beta.1.21.60-preview.25",
      "resolved": "https://registry.npmjs.org/@minecraft/server/-/server-1.18.0-beta.1.21.60-preview.25.tgz",
      "integrity": "sha512-tOHRW5hvfKw5hNjk+JuadV2k2I+g8ACRQR9Eu+QzxAiOhJR76FrY00QDkeSWJDY8k2I2IGBHABzdQWmHjy1kBQ==",
      "dependencies": {
        "@minecraft/common": "^1.1.0"
      },
      "peerDependencies": {
        "@minecraft/vanilla-data": ">=1.20.70"
      }
    },
    "node_modules/@minecraft/vanilla-data": {
      "version": "1.21.50",
      "resolved": "https://registry.npmjs.org/@minecraft/vanilla-data/-/vanilla-data-1.21.50.tgz",
      "integrity": "sha512-4tOzFRGyMxuFLJPo/tN68/FKQwTAxINxFVz4frRcSBliVbAq6hDsDcRcUykWCRFbIU59HG73r6DxwqDOc3Z3wQ==",
      "peer": true
    },
    "node_modules/prettier": {
      "version": "3.5.0",
      "resolved": "https://registry.npmjs.org/prettier/-/prettier-3.5.0.tgz",
      "integrity": "sha512-quyMrVt6svPS7CjQ9gKb3GLEX/rl3BCL2oa/QkNcXv4YNVBC9olt3s+H7ukto06q7B1Qz46PbrKLO34PR6vXcA==",
      "dev": true,
      "bin": {
        "prettier": "bin/prettier.cjs"
      },
      "engines": {
        "node": ">=14"
      },
      "funding": {
        "url": "https://github.com/prettier/prettier?sponsor=1"
      }
    }
  }
}
